
Microsoft Visual Studio Solution File, Format Version 12.00
# Visual Studio Version 17
VisualStudioVersion = 17.5.002.0
MinimumVisualStudioVersion = 10.0.40219.1
Project("{9A19103F-16F7-4668-BE54-9A1E7A4F7556}") = "DesafioFundamentos", "DesafioFundamentos.csproj", "{DC45206B-916D-4243-96DC-0B70B2510340}"
EndProject
Global
	GlobalSection(SolutionConfigurationPlatforms) = preSolution
		Debug|Any CPU = Debug|Any CPU
		Release|Any CPU = Release|Any CPU
	EndGlobalSection
	GlobalSection(ProjectConfigurationPlatforms) = postSolution
		{DC45206B-916D-4243-96DC-0B70B2510340}.Debug|Any CPU.ActiveCfg = Debug|Any CPU
		{DC45206B-916D-4243-96DC-0B70B2510340}.Debug|Any CPU.Build.0 = Debug|Any CPU
		{DC45206B-916D-4243-96DC-0B70B2510340}.Release|Any CPU.ActiveCfg = Release|Any CPU
		{DC45206B-916D-4243-96DC-0B70B2510340}.Release|Any CPU.Build.0 = Release|Any CPU
	EndGlobalSection
	GlobalSection(SolutionProperties) = preSolution
		HideSolutionNode = FALSE
	EndGlobalSection
	GlobalSection(ExtensibilityGlobals) = postSolution
		SolutionGuid = {45554DA4-3803-4582-BCC7-437151FA8579}
	EndGlobalSection
EndGlobal
